<?xml version="1.0" encoding="utf-8"?>
<Project ToolsVersion="16.0" xmlns="http://schemas.microsoft.com/developer/msbuild/2003">
  <ItemGroup>
    <ClCompile Include="C:\Cocos_2dx\Fishing\Classes\AppDelegate.cpp">
      <Filter>Source Files\Classes</Filter>
    </ClCompile>
    <ClCompile Include="C:\Cocos_2dx\Fishing\Classes\HelloWorldScene.cpp">
      <Filter>Source Files\Classes</Filter>
    </ClCompile>
    <ClCompile Include="C:\Cocos_2dx\Fishing\Classes\MenuScene.cpp">
      <Filter>Source Files\Classes</Filter>
    </ClCompile>
    <ClCompile Include="C:\Cocos_2dx\Fishing\Classes\Utils.cpp">
      <Filter>Source Files\Classes</Filter>
    </ClCompile>
    <ClCompile Include="C:\Cocos_2dx\Fishing\proj.win32\main.cpp">
      <Filter>Source Files\proj.win32</Filter>
    </ClCompile>
    <ClCompile Include="C:\Cocos_2dx\Fishing\cocos2d\cocos\precheader.cpp">
      <Filter>Source Files</Filter>
    </ClCompile>
    <ClCompile Include="Classes\GameScene.cpp">
      <Filter>Source Files\Classes</Filter>
    </ClCompile>
  </ItemGroup>
  <ItemGroup>
    <ClInclude Include="C:\Cocos_2dx\Fishing\Classes\AppDelegate.h">
      <Filter>Source Files\Classes</Filter>
    </ClInclude>
    <ClInclude Include="C:\Cocos_2dx\Fishing\Classes\HelloWorldScene.h">
      <Filter>Source Files\Classes</Filter>
    </ClInclude>
    <ClInclude Include="C:\Cocos_2dx\Fishing\Classes\MenuScene.h">
      <Filter>Source Files\Classes</Filter>
    </ClInclude>
    <ClInclude Include="C:\Cocos_2dx\Fishing\Classes\Utils.h">
      <Filter>Source Files\Classes</Filter>
    </ClInclude>
    <ClInclude Include="C:\Cocos_2dx\Fishing\proj.win32\main.h">
      <Filter>Source Files\proj.win32</Filter>
    </ClInclude>
    <ClInclude Include="C:\Cocos_2dx\Fishing\proj.win32\resource.h">
      <Filter>Source Files\proj.win32</Filter>
    </ClInclude>
    <ClInclude Include="C:\Cocos_2dx\Fishing\Resources\fonts\Marker Felt.ttf">
      <Filter>Resources\fonts</Filter>
    </ClInclude>
    <ClInclude Include="C:\Cocos_2dx\Fishing\Resources\fonts\arial.ttf">
      <Filter>Resources\fonts</Filter>
    </ClInclude>
    <ClInclude Include="C:\Cocos_2dx\Fishing\Resources\images\ButtonDisabled.jpg">
      <Filter>Resources\images</Filter>
    </ClInclude>
    <ClInclude Include="C:\Cocos_2dx\Fishing\Resources\images\ButtonNormal.jpg">
      <Filter>Resources\images</Filter>
    </ClInclude>
    <ClInclude Include="C:\Cocos_2dx\Fishing\Resources\images\ButtonSelected.jpg">
      <Filter>Resources\images</Filter>
    </ClInclude>
    <ClInclude Include="C:\Cocos_2dx\Fishing\Resources\images\CloseNormal.png">
      <Filter>Resources\images</Filter>
    </ClInclude>
    <ClInclude Include="C:\Cocos_2dx\Fishing\Resources\images\CloseSelected.png">
      <Filter>Resources\images</Filter>
    </ClInclude>
    <ClInclude Include="C:\Cocos_2dx\Fishing\Resources\images\HelloWorld.png">
      <Filter>Resources\images</Filter>
    </ClInclude>
    <ClInclude Include="C:\Cocos_2dx\Fishing\Resources\images\MenuBackground.png">
      <Filter>Resources\images</Filter>
    </ClInclude>
    <ClInclude Include="C:\Cocos_2dx\Fishing\Resources\images\MenuBackgroundTile_1.png">
      <Filter>Resources\images</Filter>
    </ClInclude>
    <ClInclude Include="C:\Cocos_2dx\Fishing\Resources\images\MenuBackgroundTile_2.png">
      <Filter>Resources\images</Filter>
    </ClInclude>
    <ClInclude Include="C:\Cocos_2dx\Fishing\Resources\res\.gitkeep">
      <Filter>Resources\res</Filter>
    </ClInclude>
    <ClInclude Include="Classes\GameScene.h">
      <Filter>Source Files\Classes</Filter>
    </ClInclude>
  </ItemGroup>
  <ItemGroup>
    <CustomBuild Include="C:\Cocos_2dx\Fishing\CMakeLists.txt" />
  </ItemGroup>
  <ItemGroup>
    <ResourceCompile Include="C:\Cocos_2dx\Fishing\proj.win32\game.rc">
      <Filter>Source Files\proj.win32</Filter>
    </ResourceCompile>
  </ItemGroup>
  <ItemGroup>
    <Filter Include="Resources">
      <UniqueIdentifier>{E6B53FB2-79DE-3A64-AB87-95BC51F0C300}</UniqueIdentifier>
    </Filter>
    <Filter Include="Resources\fonts">
      <UniqueIdentifier>{BD54D747-317E-3307-B58B-FAE2F59DA569}</UniqueIdentifier>
    </Filter>
    <Filter Include="Resources\images">
      <UniqueIdentifier>{9C096A55-8BEE-36B6-BC21-2764F99FD1B5}</UniqueIdentifier>
    </Filter>
    <Filter Include="Resources\res">
      <UniqueIdentifier>{683AE5F3-4CF7-3368-BF3C-40B35B53F891}</UniqueIdentifier>
    </Filter>
    <Filter Include="Source Files">
      <UniqueIdentifier>{2BF7050B-9C54-3857-94FF-4B41C9DA7958}</UniqueIdentifier>
    </Filter>
    <Filter Include="Source Files\Classes">
      <UniqueIdentifier>{B7B648FE-A8F1-30D6-9A9B-86C87175143B}</UniqueIdentifier>
    </Filter>
    <Filter Include="Source Files\proj.win32">
      <UniqueIdentifier>{B4E316C7-43B3-3AC9-AE3D-7BE992F919A9}</UniqueIdentifier>
    </Filter>
  </ItemGroup>
</Project>